
Microsoft Visual Studio Solution File, Format Version 12.00
# Visual Studio Version 16
VisualStudioVersion = 16.0.32002.261
MinimumVisualStudioVersion = 10.0.40219.1
Project("{2150E333-8FDC-42A3-9474-1A3956D46DE8}") = "BasicCSharp", "BasicCSharp", "{93C6795D-A941-4F73-9E2C-3FCD05C4D6D0}"
EndProject
Project("{2150E333-8FDC-42A3-9474-1A3956D46DE8}") = "BasicOOP", "BasicOOP", "{4166B179-9851-4D43-A7FF-EB83389447CA}"
EndProject
Project("{2150E333-8FDC-42A3-9474-1A3956D46DE8}") = "AdvancedCSharp", "AdvancedCSharp", "{A4EA08B5-EF17-49D2-B861-5FF567DB0424}"
EndProject
Project("{9A19103F-16F7-4668-BE54-9A1E7A4F7556}") = "HelloWorld", "HelloWorld\HelloWorld.csproj", "{7F008103-74FB-468B-A6E4-2CE68CAB5C19}"
EndProject
Project("{9A19103F-16F7-4668-BE54-9A1E7A4F7556}") = "ValueTypeAndReferrenceType", "ValueTypeAndReferrenceType\ValueTypeAndReferrenceType.csproj", "{23B4FF3D-D92F-48DA-AC9F-6DEE0CFCEB95}"
EndProject
Project("{9A19103F-16F7-4668-BE54-9A1E7A4F7556}") = "ExampleStruct", "ExampleStruct\ExampleStruct.csproj", "{010B08F5-05E7-443B-9940-A6D0EE08CB3B}"
EndProject
Project("{9A19103F-16F7-4668-BE54-9A1E7A4F7556}") = "PhanSo", "PhanSo\PhanSo.csproj", "{C29CFFA0-EFBD-4DAB-AE21-3B22FC23DBF6}"
EndProject
Project("{9A19103F-16F7-4668-BE54-9A1E7A4F7556}") = "PhuongTrinhBacHai", "PhuongTrinhBacHai\PhuongTrinhBacHai.csproj", "{68084155-75C2-4F3E-ACDC-E8ABAFFEF729}"
EndProject
Project("{9A19103F-16F7-4668-BE54-9A1E7A4F7556}") = "SoHoanHao", "SoHoanHao\SoHoanHao.csproj", "{1003B4D3-4029-4083-94E8-AA6DE4DE1606}"
EndProject
Project("{9A19103F-16F7-4668-BE54-9A1E7A4F7556}") = "Fibonaci", "Fibonaci\Fibonaci.csproj", "{41BC6EA7-24BF-476D-9AAE-A2D83EDA27CF}"
EndProject
Project("{9A19103F-16F7-4668-BE54-9A1E7A4F7556}") = "Mang", "Mang\Mang.csproj", "{947A3DB8-F9A8-4481-9C24-A6CC87C0EBDB}"
EndProject
Project("{9A19103F-16F7-4668-BE54-9A1E7A4F7556}") = "BoiSoChungNhoNhat", "BoiSoChungNhoNhat\BoiSoChungNhoNhat.csproj", "{88D23BF5-1B09-4C77-914A-2A1FF83FFD8F}"
EndProject
Project("{9A19103F-16F7-4668-BE54-9A1E7A4F7556}") = "SoSanhMang", "SoSanhMang\SoSanhMang.csproj", "{A7DF1EC9-E1B0-493C-9E5A-953919EEADA3}"
EndProject
Project("{9A19103F-16F7-4668-BE54-9A1E7A4F7556}") = "MangHaiChieu", "MangHaiChieu\MangHaiChieu.csproj", "{75859429-AA68-4450-B8CB-82D0E5772836}"
EndProject
Project("{9A19103F-16F7-4668-BE54-9A1E7A4F7556}") = "Lop_GiaoDien_DongGoi", "Lop_GiaoDien_DongGoi\Lop_GiaoDien_DongGoi.csproj", "{300D18DD-50BF-48DE-ACEC-375AD16C1A18}"
EndProject
Project("{9A19103F-16F7-4668-BE54-9A1E7A4F7556}") = "KeThua", "KeThua\KeThua.csproj", "{AC92FD79-1DBD-4233-9B0E-CB043AAF3C56}"
EndProject
Project("{FAE04EC0-301F-11D3-BF4B-00C04F79EFBC}") = "Solid", "Solid\Solid.csproj", "{40365876-BE18-4D8A-9839-C94A9BEE48C5}"
EndProject
Global
	GlobalSection(SolutionConfigurationPlatforms) = preSolution
		Debug|Any CPU = Debug|Any CPU
		Release|Any CPU = Release|Any CPU
	EndGlobalSection
	GlobalSection(ProjectConfigurationPlatforms) = postSolution
		{7F008103-74FB-468B-A6E4-2CE68CAB5C19}.Debug|Any CPU.ActiveCfg = Debug|Any CPU
		{7F008103-74FB-468B-A6E4-2CE68CAB5C19}.Debug|Any CPU.Build.0 = Debug|Any CPU
		{7F008103-74FB-468B-A6E4-2CE68CAB5C19}.Release|Any CPU.ActiveCfg = Release|Any CPU
		{7F008103-74FB-468B-A6E4-2CE68CAB5C19}.Release|Any CPU.Build.0 = Release|Any CPU
		{23B4FF3D-D92F-48DA-AC9F-6DEE0CFCEB95}.Debug|Any CPU.ActiveCfg = Debug|Any CPU
		{23B4FF3D-D92F-48DA-AC9F-6DEE0CFCEB95}.Debug|Any CPU.Build.0 = Debug|Any CPU
		{23B4FF3D-D92F-48DA-AC9F-6DEE0CFCEB95}.Release|Any CPU.ActiveCfg = Release|Any CPU
		{23B4FF3D-D92F-48DA-AC9F-6DEE0CFCEB95}.Release|Any CPU.Build.0 = Release|Any CPU
		{010B08F5-05E7-443B-9940-A6D0EE08CB3B}.Debug|Any CPU.ActiveCfg = Debug|Any CPU
		{010B08F5-05E7-443B-9940-A6D0EE08CB3B}.Debug|Any CPU.Build.0 = Debug|Any CPU
		{010B08F5-05E7-443B-9940-A6D0EE08CB3B}.Release|Any CPU.ActiveCfg = Release|Any CPU
		{010B08F5-05E7-443B-9940-A6D0EE08CB3B}.Release|Any CPU.Build.0 = Release|Any CPU
		{C29CFFA0-EFBD-4DAB-AE21-3B22FC23DBF6}.Debug|Any CPU.ActiveCfg = Debug|Any CPU
		{C29CFFA0-EFBD-4DAB-AE21-3B22FC23DBF6}.Debug|Any CPU.Build.0 = Debug|Any CPU
		{C29CFFA0-EFBD-4DAB-AE21-3B22FC23DBF6}.Release|Any CPU.ActiveCfg = Release|Any CPU
		{C29CFFA0-EFBD-4DAB-AE21-3B22FC23DBF6}.Release|Any CPU.Build.0 = Release|Any CPU
		{68084155-75C2-4F3E-ACDC-E8ABAFFEF729}.Debug|Any CPU.ActiveCfg = Debug|Any CPU
		{68084155-75C2-4F3E-ACDC-E8ABAFFEF729}.Debug|Any CPU.Build.0 = Debug|Any CPU
		{68084155-75C2-4F3E-ACDC-E8ABAFFEF729}.Release|Any CPU.ActiveCfg = Release|Any CPU
		{68084155-75C2-4F3E-ACDC-E8ABAFFEF729}.Release|Any CPU.Build.0 = Release|Any CPU
		{1003B4D3-4029-4083-94E8-AA6DE4DE1606}.Debug|Any CPU.ActiveCfg = Debug|Any CPU
		{1003B4D3-4029-4083-94E8-AA6DE4DE1606}.Debug|Any CPU.Build.0 = Debug|Any CPU
		{1003B4D3-4029-4083-94E8-AA6DE4DE1606}.Release|Any CPU.ActiveCfg = Release|Any CPU
		{1003B4D3-4029-4083-94E8-AA6DE4DE1606}.Release|Any CPU.Build.0 = Release|Any CPU
		{41BC6EA7-24BF-476D-9AAE-A2D83EDA27CF}.Debug|Any CPU.ActiveCfg = Debug|Any CPU
		{41BC6EA7-24BF-476D-9AAE-A2D83EDA27CF}.Debug|Any CPU.Build.0 = Debug|Any CPU
		{41BC6EA7-24BF-476D-9AAE-A2D83EDA27CF}.Release|Any CPU.ActiveCfg = Release|Any CPU
		{41BC6EA7-24BF-476D-9AAE-A2D83EDA27CF}.Release|Any CPU.Build.0 = Release|Any CPU
		{947A3DB8-F9A8-4481-9C24-A6CC87C0EBDB}.Debug|Any CPU.ActiveCfg = Debug|Any CPU
		{947A3DB8-F9A8-4481-9C24-A6CC87C0EBDB}.Debug|Any CPU.Build.0 = Debug|Any CPU
		{947A3DB8-F9A8-4481-9C24-A6CC87C0EBDB}.Release|Any CPU.ActiveCfg = Release|Any CPU
		{947A3DB8-F9A8-4481-9C24-A6CC87C0EBDB}.Release|Any CPU.Build.0 = Release|Any CPU
		{88D23BF5-1B09-4C77-914A-2A1FF83FFD8F}.Debug|Any CPU.ActiveCfg = Debug|Any CPU
		{88D23BF5-1B09-4C77-914A-2A1FF83FFD8F}.Debug|Any CPU.Build.0 = Debug|Any CPU
		{88D23BF5-1B09-4C77-914A-2A1FF83FFD8F}.Release|Any CPU.ActiveCfg = Release|Any CPU
		{88D23BF5-1B09-4C77-914A-2A1FF83FFD8F}.Release|Any CPU.Build.0 = Release|Any CPU
		{A7DF1EC9-E1B0-493C-9E5A-953919EEADA3}.Debug|Any CPU.ActiveCfg = Debug|Any CPU
		{A7DF1EC9-E1B0-493C-9E5A-953919EEADA3}.Debug|Any CPU.Build.0 = Debug|Any CPU
		{A7DF1EC9-E1B0-493C-9E5A-953919EEADA3}.Release|Any CPU.ActiveCfg = Release|Any CPU
		{A7DF1EC9-E1B0-493C-9E5A-953919EEADA3}.Release|Any CPU.Build.0 = Release|Any CPU
		{75859429-AA68-4450-B8CB-82D0E5772836}.Debug|Any CPU.ActiveCfg = Debug|Any CPU
		{75859429-AA68-4450-B8CB-82D0E5772836}.Debug|Any CPU.Build.0 = Debug|Any CPU
		{75859429-AA68-4450-B8CB-82D0E5772836}.Release|Any CPU.ActiveCfg = Release|Any CPU
		{75859429-AA68-4450-B8CB-82D0E5772836}.Release|Any CPU.Build.0 = Release|Any CPU
		{300D18DD-50BF-48DE-ACEC-375AD16C1A18}.Debug|Any CPU.ActiveCfg = Debug|Any CPU
		{300D18DD-50BF-48DE-ACEC-375AD16C1A18}.Debug|Any CPU.Build.0 = Debug|Any CPU
		{300D18DD-50BF-48DE-ACEC-375AD16C1A18}.Release|Any CPU.ActiveCfg = Release|Any CPU
		{300D18DD-50BF-48DE-ACEC-375AD16C1A18}.Release|Any CPU.Build.0 = Release|Any CPU
		{AC92FD79-1DBD-4233-9B0E-CB043AAF3C56}.Debug|Any CPU.ActiveCfg = Debug|Any CPU
		{AC92FD79-1DBD-4233-9B0E-CB043AAF3C56}.Debug|Any CPU.Build.0 = Debug|Any CPU
		{AC92FD79-1DBD-4233-9B0E-CB043AAF3C56}.Release|Any CPU.ActiveCfg = Release|Any CPU
		{AC92FD79-1DBD-4233-9B0E-CB043AAF3C56}.Release|Any CPU.Build.0 = Release|Any CPU
		{40365876-BE18-4D8A-9839-C94A9BEE48C5}.Debug|Any CPU.ActiveCfg = Debug|Any CPU
		{40365876-BE18-4D8A-9839-C94A9BEE48C5}.Debug|Any CPU.Build.0 = Debug|Any CPU
		{40365876-BE18-4D8A-9839-C94A9BEE48C5}.Release|Any CPU.ActiveCfg = Release|Any CPU
		{40365876-BE18-4D8A-9839-C94A9BEE48C5}.Release|Any CPU.Build.0 = Release|Any CPU
	EndGlobalSection
	GlobalSection(SolutionProperties) = preSolution
		HideSolutionNode = FALSE
	EndGlobalSection
	GlobalSection(NestedProjects) = preSolution
		{7F008103-74FB-468B-A6E4-2CE68CAB5C19} = {93C6795D-A941-4F73-9E2C-3FCD05C4D6D0}
		{23B4FF3D-D92F-48DA-AC9F-6DEE0CFCEB95} = {93C6795D-A941-4F73-9E2C-3FCD05C4D6D0}
		{010B08F5-05E7-443B-9940-A6D0EE08CB3B} = {93C6795D-A941-4F73-9E2C-3FCD05C4D6D0}
		{C29CFFA0-EFBD-4DAB-AE21-3B22FC23DBF6} = {93C6795D-A941-4F73-9E2C-3FCD05C4D6D0}
		{68084155-75C2-4F3E-ACDC-E8ABAFFEF729} = {93C6795D-A941-4F73-9E2C-3FCD05C4D6D0}
		{1003B4D3-4029-4083-94E8-AA6DE4DE1606} = {93C6795D-A941-4F73-9E2C-3FCD05C4D6D0}
		{41BC6EA7-24BF-476D-9AAE-A2D83EDA27CF} = {93C6795D-A941-4F73-9E2C-3FCD05C4D6D0}
		{947A3DB8-F9A8-4481-9C24-A6CC87C0EBDB} = {93C6795D-A941-4F73-9E2C-3FCD05C4D6D0}
		{88D23BF5-1B09-4C77-914A-2A1FF83FFD8F} = {93C6795D-A941-4F73-9E2C-3FCD05C4D6D0}
		{A7DF1EC9-E1B0-493C-9E5A-953919EEADA3} = {93C6795D-A941-4F73-9E2C-3FCD05C4D6D0}
		{75859429-AA68-4450-B8CB-82D0E5772836} = {93C6795D-A941-4F73-9E2C-3FCD05C4D6D0}
		{300D18DD-50BF-48DE-ACEC-375AD16C1A18} = {4166B179-9851-4D43-A7FF-EB83389447CA}
		{AC92FD79-1DBD-4233-9B0E-CB043AAF3C56} = {4166B179-9851-4D43-A7FF-EB83389447CA}
		{40365876-BE18-4D8A-9839-C94A9BEE48C5} = {4166B179-9851-4D43-A7FF-EB83389447CA}
	EndGlobalSection
	GlobalSection(ExtensibilityGlobals) = postSolution
		SolutionGuid = {9B373E7C-A03C-4848-9ED6-F77E43105A0B}
	EndGlobalSection
EndGlobal
